# This file is automatically @generated by Wally.
# It is not intended for manual editing.
registry = "test"

[[package]]
name = "coffilhg/arrangement"
version = "2.0.0"
dependencies = []

[[package]]
name = "coffilhg/coffeeobjects"
version = "2.4.0"
dependencies = [["CoffeeParser", "coffilhg/coffeeparser@1.0.5"], ["LemonSignal", "data-oriented-house/lemonsignal@2.0.0"]]

[[package]]
name = "coffilhg/coffeeparser"
version = "1.0.5"
dependencies = []

[[package]]
name = "coffilhg/coffeeremotes-client"
version = "1.0.1"
dependencies = [["LemonSignal", "data-oriented-house/lemonsignal@2.0.0"]]

[[package]]
name = "coffilhg/coffeeremotes-server"
version = "1.0.1"
dependencies = [["LemonSignal", "data-oriented-house/lemonsignal@2.0.0"]]

[[package]]
name = "coffilhg/counter"
version = "1.0.1"
dependencies = [["LemonSignal", "data-oriented-house/lemonsignal@2.0.0"]]

[[package]]
name = "coffilhg/profilestorev2"
version = "2.0.3"
dependencies = []

[[package]]
name = "coffilhg/profilestorev3"
version = "0.0.0"
dependencies = [["Arrangement", "coffilhg/arrangement@2.0.0"], ["CoffeeObjects", "coffilhg/coffeeobjects@2.4.0"], ["CoffeeParser", "coffilhg/coffeeparser@1.0.5"], ["CoffeeRemotesClient", "coffilhg/coffeeremotes-client@1.0.1"], ["Counter", "coffilhg/counter@1.0.1"], ["LemonSignal", "data-oriented-house/lemonsignal@2.0.0"], ["CoffeeRemotesServer", "coffilhg/coffeeremotes-server@1.0.1"], ["ProfileStoreV2", "coffilhg/profilestorev2@2.0.3"]]

[[package]]
name = "data-oriented-house/lemonsignal"
version = "2.0.0"
dependencies = []
